
Microsoft Visual Studio Solution File, Format Version 12.00
# Visual Studio Version 16
VisualStudioVersion = 16.0.31605.320
MinimumVisualStudioVersion = 10.0.40219.1
Project("{FAE04EC0-301F-11D3-BF4B-00C04F79EFBC}") = "TestProject1", "TestProject1\TestProject1.csproj", "{1F7EF20E-5223-4426-B55C-59FA1A65D216}"
EndProject
Project("{FAE04EC0-301F-11D3-BF4B-00C04F79EFBC}") = "ConsoleApp1", "ConsoleApp1\ConsoleApp1.csproj", "{8D956EAE-0D4B-414B-B35A-7B8D4F331F56}"
EndProject
Global
	GlobalSection(SolutionConfigurationPlatforms) = preSolution
		Debug|Any CPU = Debug|Any CPU
		Release|Any CPU = Release|Any CPU
	EndGlobalSection
	GlobalSection(ProjectConfigurationPlatforms) = postSolution
		{1F7EF20E-5223-4426-B55C-59FA1A65D216}.Debug|Any CPU.ActiveCfg = Debug|Any CPU
		{1F7EF20E-5223-4426-B55C-59FA1A65D216}.Debug|Any CPU.Build.0 = Debug|Any CPU
		{1F7EF20E-5223-4426-B55C-59FA1A65D216}.Release|Any CPU.ActiveCfg = Release|Any CPU
		{1F7EF20E-5223-4426-B55C-59FA1A65D216}.Release|Any CPU.Build.0 = Release|Any CPU
		{8D956EAE-0D4B-414B-B35A-7B8D4F331F56}.Debug|Any CPU.ActiveCfg = Debug|Any CPU
		{8D956EAE-0D4B-414B-B35A-7B8D4F331F56}.Debug|Any CPU.Build.0 = Debug|Any CPU
		{8D956EAE-0D4B-414B-B35A-7B8D4F331F56}.Release|Any CPU.ActiveCfg = Release|Any CPU
		{8D956EAE-0D4B-414B-B35A-7B8D4F331F56}.Release|Any CPU.Build.0 = Release|Any CPU
	EndGlobalSection
	GlobalSection(SolutionProperties) = preSolution
		HideSolutionNode = FALSE
	EndGlobalSection
	GlobalSection(ExtensibilityGlobals) = postSolution
		SolutionGuid = {7C283485-C1AE-4583-BFA4-4CABFE0BC911}
	EndGlobalSection
EndGlobal
